// !$*UTF8*$!
{
	archiveVersion = 1;
	classes = {
	};
	objectVersion = 46;
	objects = {

/* Begin PBXBuildFile section */
		3D93D37112CA05797B2C21DD /* libPods.a in Frameworks */ = {isa = PBXBuildFile; fileRef = 74A60D3E298F244ABC341FFC /* libPods.a */; };
		4F29E89E1CD346A700BB0128 /* BMVideoBarBtnWebView.m in Sources */ = {isa = PBXBuildFile; fileRef = 4F29E89D1CD346A700BB0128 /* BMVideoBarBtnWebView.m */; };
		4F29E8A11CD34D9400BB0128 /* BMvideoBarBtnView.m in Sources */ = {isa = PBXBuildFile; fileRef = 4F29E8A01CD34D9400BB0128 /* BMvideoBarBtnView.m */; };
		4F29E8A41CD3D80C00BB0128 /* BMWebVC.m in Sources */ = {isa = PBXBuildFile; fileRef = 4F29E8A31CD3D80C00BB0128 /* BMWebVC.m */; };
		4F3625681CACDF8300D91681 /* BMTopScrollButton.m in Sources */ = {isa = PBXBuildFile; fileRef = 4F3625671CACDF8300D91681 /* BMTopScrollButton.m */; };
		4F5BDA151C9133C300020DB3 /* BMCustomTextField.m in Sources */ = {isa = PBXBuildFile; fileRef = 4F5BDA141C9133C300020DB3 /* BMCustomTextField.m */; };
		4F6920CA1CB697E40093079A /* NewsTop+CoreDataProperties.m in Sources */ = {isa = PBXBuildFile; fileRef = 4F6920C71CB697E40093079A /* NewsTop+CoreDataProperties.m */; };
		4F6920CB1CB697E40093079A /* NewsTop.m in Sources */ = {isa = PBXBuildFile; fileRef = 4F6920C91CB697E40093079A /* NewsTop.m */; };
		4F6920CE1CBA51CE0093079A /* BMContentTableView.m in Sources */ = {isa = PBXBuildFile; fileRef = 4F6920CD1CBA51CE0093079A /* BMContentTableView.m */; };
		4F6920D11CBA536B0093079A /* BMNesContentTableViewCell.m in Sources */ = {isa = PBXBuildFile; fileRef = 4F6920D01CBA536B0093079A /* BMNesContentTableViewCell.m */; };
		4F6920D41CBA53EC0093079A /* BMNewsContentCellModel.m in Sources */ = {isa = PBXBuildFile; fileRef = 4F6920D31CBA53EC0093079A /* BMNewsContentCellModel.m */; };
		4F9E29821CB017800042931F /* Model.xcdatamodeld in Sources */ = {isa = PBXBuildFile; fileRef = 4F9E29801CB017800042931F /* Model.xcdatamodeld */; };
		4F9E29841CB017D90042931F /* CoreData.framework in Frameworks */ = {isa = PBXBuildFile; fileRef = 4F9E29831CB017D90042931F /* CoreData.framework */; };
		4FAA91ED1C9EEEC80043A2AF /* BMHeroListModel.m in Sources */ = {isa = PBXBuildFile; fileRef = 4FAA91EC1C9EEEC80043A2AF /* BMHeroListModel.m */; };
		4FC442A21CCBA38E002087B0 /* BMScollView.m in Sources */ = {isa = PBXBuildFile; fileRef = 4FC442A11CCBA38E002087B0 /* BMScollView.m */; };
		4FC442A51CCBA442002087B0 /* BMNewsLasetNewTbView.m in Sources */ = {isa = PBXBuildFile; fileRef = 4FC442A41CCBA442002087B0 /* BMNewsLasetNewTbView.m */; };
		4FCA3F3D1CD0745300D716D0 /* newsNavigationUrlString.plist in Resources */ = {isa = PBXBuildFile; fileRef = 4FCA3F3C1CD0745300D716D0 /* newsNavigationUrlString.plist */; };
		4FD056FF1C8F1C6600286B4D /* BMOtherLoginVc.m in Sources */ = {isa = PBXBuildFile; fileRef = 4FD056FE1C8F1C6600286B4D /* BMOtherLoginVc.m */; };
		4FD5BEA51CA7063500B10EC2 /* BMNetworing.m in Sources */ = {isa = PBXBuildFile; fileRef = 4FD5BEA41CA7063500B10EC2 /* BMNetworing.m */; };
		4FD5BEAA1CA82DD700B10EC2 /* BMPackageInfo.m in Sources */ = {isa = PBXBuildFile; fileRef = 4FD5BEA91CA82DD700B10EC2 /* BMPackageInfo.m */; };
		4FD5BEB01CA8333C00B10EC2 /* BMNewVC.m in Sources */ = {isa = PBXBuildFile; fileRef = 4FD5BEAF1CA8333C00B10EC2 /* BMNewVC.m */; };
		4FDD08F61C8B5A5A00139EE6 /* Reveal.framework in Frameworks */ = {isa = PBXBuildFile; fileRef = 4FDD08F51C8B5A5A00139EE6 /* Reveal.framework */; };
		4FDD08FD1C8C127800139EE6 /* BMLaunchViewController.m in Sources */ = {isa = PBXBuildFile; fileRef = 4FDD08FC1C8C127800139EE6 /* BMLaunchViewController.m */; };
		4FDD08FF1C8C6E5C00139EE6 /* Assets.xcassets in Resources */ = {isa = PBXBuildFile; fileRef = 4FDD08FE1C8C6E5C00139EE6 /* Assets.xcassets */; };
		4FE1D7421CBD2D30006D1AF8 /* BMSingleUrlContentModel.m in Sources */ = {isa = PBXBuildFile; fileRef = 4FE1D7411CBD2D30006D1AF8 /* BMSingleUrlContentModel.m */; };
		4FFB2B711C7C4D2A00395FC3 /* main.m in Sources */ = {isa = PBXBuildFile; fileRef = 4FFB2B701C7C4D2A00395FC3 /* main.m */; };
		4FFB2B741C7C4D2A00395FC3 /* AppDelegate.m in Sources */ = {isa = PBXBuildFile; fileRef = 4FFB2B731C7C4D2A00395FC3 /* AppDelegate.m */; };
		4FFB2B7A1C7C4D2A00395FC3 /* Main.storyboard in Resources */ = {isa = PBXBuildFile; fileRef = 4FFB2B781C7C4D2A00395FC3 /* Main.storyboard */; };
		4FFB2B7F1C7C4D2A00395FC3 /* LaunchScreen.storyboard in Resources */ = {isa = PBXBuildFile; fileRef = 4FFB2B7D1C7C4D2A00395FC3 /* LaunchScreen.storyboard */; };
		4FFB2B8A1C7C4D2A00395FC3 /* BMLOLTests.m in Sources */ = {isa = PBXBuildFile; fileRef = 4FFB2B891C7C4D2A00395FC3 /* BMLOLTests.m */; };
		4FFB2BAB1C814C8600395FC3 /* BMCustomTabBarController.m in Sources */ = {isa = PBXBuildFile; fileRef = 4FFB2BAA1C814C8600395FC3 /* BMCustomTabBarController.m */; };
		4FFB2BAE1C81836900395FC3 /* BMTabBarBtn.m in Sources */ = {isa = PBXBuildFile; fileRef = 4FFB2BAD1C81836900395FC3 /* BMTabBarBtn.m */; };
/* End PBXBuildFile section */

/* Begin PBXContainerItemProxy section */
		4FFB2B861C7C4D2A00395FC3 /* PBXContainerItemProxy */ = {
			isa = PBXContainerItemProxy;
			containerPortal = 4FFB2B641C7C4D2A00395FC3 /* Project object */;
			proxyType = 1;
			remoteGlobalIDString = 4FFB2B6B1C7C4D2A00395FC3;
			remoteInfo = BMLOL;
		};
/* End PBXContainerItemProxy section */

/* Begin PBXFileReference section */
		1747FD30D6305A6C3CF244E4 /* Pods.debug.xcconfig */ = {isa = PBXFileReference; includeInIndex = 1; lastKnownFileType = text.xcconfig; name = Pods.debug.xcconfig; path = "Pods/Target Support Files/Pods/Pods.debug.xcconfig"; sourceTree = "<group>"; };
		26B4A7D993525BD567EEDC62 /* Pods.release.xcconfig */ = {isa = PBXFileReference; includeInIndex = 1; lastKnownFileType = text.xcconfig; name = Pods.release.xcconfig; path = "Pods/Target Support Files/Pods/Pods.release.xcconfig"; sourceTree = "<group>"; };
		4F29E89C1CD346A700BB0128 /* BMVideoBarBtnWebView.h */ = {isa = PBXFileReference; fileEncoding = 4; lastKnownFileType = sourcecode.c.h; path = BMVideoBarBtnWebView.h; sourceTree = "<group>"; };
		4F29E89D1CD346A700BB0128 /* BMVideoBarBtnWebView.m */ = {isa = PBXFileReference; fileEncoding = 4; lastKnownFileType = sourcecode.c.objc; path = BMVideoBarBtnWebView.m; sourceTree = "<group>"; };
		4F29E89F1CD34D9400BB0128 /* BMvideoBarBtnView.h */ = {isa = PBXFileReference; fileEncoding = 4; lastKnownFileType = sourcecode.c.h; path = BMvideoBarBtnView.h; sourceTree = "<group>"; };
		4F29E8A01CD34D9400BB0128 /* BMvideoBarBtnView.m */ = {isa = PBXFileReference; fileEncoding = 4; lastKnownFileType = sourcecode.c.objc; path = BMvideoBarBtnView.m; sourceTree = "<group>"; };
		4F29E8A21CD3D80C00BB0128 /* BMWebVC.h */ = {isa = PBXFileReference; fileEncoding = 4; lastKnownFileType = sourcecode.c.h; path = BMWebVC.h; sourceTree = "<group>"; };
		4F29E8A31CD3D80C00BB0128 /* BMWebVC.m */ = {isa = PBXFileReference; fileEncoding = 4; lastKnownFileType = sourcecode.c.objc; path = BMWebVC.m; sourceTree = "<group>"; };
		4F3625661CACDF8300D91681 /* BMTopScrollButton.h */ = {isa = PBXFileReference; fileEncoding = 4; lastKnownFileType = sourcecode.c.h; path = BMTopScrollButton.h; sourceTree = "<group>"; };
		4F3625671CACDF8300D91681 /* BMTopScrollButton.m */ = {isa = PBXFileReference; fileEncoding = 4; lastKnownFileType = sourcecode.c.objc; path = BMTopScrollButton.m; sourceTree = "<group>"; };
		4F5BDA131C9133C300020DB3 /* BMCustomTextField.h */ = {isa = PBXFileReference; fileEncoding = 4; lastKnownFileType = sourcecode.c.h; path = BMCustomTextField.h; sourceTree = "<group>"; };
		4F5BDA141C9133C300020DB3 /* BMCustomTextField.m */ = {isa = PBXFileReference; fileEncoding = 4; lastKnownFileType = sourcecode.c.objc; path = BMCustomTextField.m; sourceTree = "<group>"; };
		4F6920C61CB697E40093079A /* NewsTop+CoreDataProperties.h */ = {isa = PBXFileReference; fileEncoding = 4; lastKnownFileType = sourcecode.c.h; path = "NewsTop+CoreDataProperties.h"; sourceTree = "<group>"; };
		4F6920C71CB697E40093079A /* NewsTop+CoreDataProperties.m */ = {isa = PBXFileReference; fileEncoding = 4; lastKnownFileType = sourcecode.c.objc; path = "NewsTop+CoreDataProperties.m"; sourceTree = "<group>"; };
		4F6920C81CB697E40093079A /* NewsTop.h */ = {isa = PBXFileReference; fileEncoding = 4; lastKnownFileType = sourcecode.c.h; path = NewsTop.h; sourceTree = "<group>"; };
		4F6920C91CB697E40093079A /* NewsTop.m */ = {isa = PBXFileReference; fileEncoding = 4; lastKnownFileType = sourcecode.c.objc; path = NewsTop.m; sourceTree = "<group>"; };
		4F6920CC1CBA51CE0093079A /* BMContentTableView.h */ = {isa = PBXFileReference; fileEncoding = 4; lastKnownFileType = sourcecode.c.h; path = BMContentTableView.h; sourceTree = "<group>"; };
		4F6920CD1CBA51CE0093079A /* BMContentTableView.m */ = {isa = PBXFileReference; fileEncoding = 4; lastKnownFileType = sourcecode.c.objc; path = BMContentTableView.m; sourceTree = "<group>"; };
		4F6920CF1CBA536B0093079A /* BMNesContentTableViewCell.h */ = {isa = PBXFileReference; fileEncoding = 4; lastKnownFileType = sourcecode.c.h; path = BMNesContentTableViewCell.h; sourceTree = "<group>"; };
		4F6920D01CBA536B0093079A /* BMNesContentTableViewCell.m */ = {isa = PBXFileReference; fileEncoding = 4; lastKnownFileType = sourcecode.c.objc; path = BMNesContentTableViewCell.m; sourceTree = "<group>"; };
		4F6920D21CBA53EC0093079A /* BMNewsContentCellModel.h */ = {isa = PBXFileReference; fileEncoding = 4; lastKnownFileType = sourcecode.c.h; path = BMNewsContentCellModel.h; sourceTree = "<group>"; };
		4F6920D31CBA53EC0093079A /* BMNewsContentCellModel.m */ = {isa = PBXFileReference; fileEncoding = 4; lastKnownFileType = sourcecode.c.objc; path = BMNewsContentCellModel.m; sourceTree = "<group>"; };
		4F9E29811CB017800042931F /* Model.xcdatamodel */ = {isa = PBXFileReference; lastKnownFileType = wrapper.xcdatamodel; path = Model.xcdatamodel; sourceTree = "<group>"; };
		4F9E29831CB017D90042931F /* CoreData.framework */ = {isa = PBXFileReference; lastKnownFileType = wrapper.framework; name = CoreData.framework; path = System/Library/Frameworks/CoreData.framework; sourceTree = SDKROOT; };
		4FAA91EB1C9EEEC80043A2AF /* BMHeroListModel.h */ = {isa = PBXFileReference; fileEncoding = 4; lastKnownFileType = sourcecode.c.h; path = BMHeroListModel.h; sourceTree = "<group>"; };
		4FAA91EC1C9EEEC80043A2AF /* BMHeroListModel.m */ = {isa = PBXFileReference; fileEncoding = 4; lastKnownFileType = sourcecode.c.objc; path = BMHeroListModel.m; sourceTree = "<group>"; };
		4FB61C011C85219D00503942 /* myPch.pch */ = {isa = PBXFileReference; lastKnownFileType = sourcecode.c.h; path = myPch.pch; sourceTree = "<group>"; };
		4FC442A01CCBA38E002087B0 /* BMScollView.h */ = {isa = PBXFileReference; fileEncoding = 4; lastKnownFileType = sourcecode.c.h; path = BMScollView.h; sourceTree = "<group>"; };
		4FC442A11CCBA38E002087B0 /* BMScollView.m */ = {isa = PBXFileReference; fileEncoding = 4; lastKnownFileType = sourcecode.c.objc; path = BMScollView.m; sourceTree = "<group>"; };
		4FC442A31CCBA442002087B0 /* BMNewsLasetNewTbView.h */ = {isa = PBXFileReference; fileEncoding = 4; lastKnownFileType = sourcecode.c.h; path = BMNewsLasetNewTbView.h; sourceTree = "<group>"; };
		4FC442A41CCBA442002087B0 /* BMNewsLasetNewTbView.m */ = {isa = PBXFileReference; fileEncoding = 4; lastKnownFileType = sourcecode.c.objc; path = BMNewsLasetNewTbView.m; sourceTree = "<group>"; };
		4FCA3F3C1CD0745300D716D0 /* newsNavigationUrlString.plist */ = {isa = PBXFileReference; fileEncoding = 4; lastKnownFileType = text.plist.xml; path = newsNavigationUrlString.plist; sourceTree = "<group>"; };
		4FD056FD1C8F1C6600286B4D /* BMOtherLoginVc.h */ = {isa = PBXFileReference; fileEncoding = 4; lastKnownFileType = sourcecode.c.h; path = BMOtherLoginVc.h; sourceTree = "<group>"; };
		4FD056FE1C8F1C6600286B4D /* BMOtherLoginVc.m */ = {isa = PBXFileReference; fileEncoding = 4; lastKnownFileType = sourcecode.c.objc; path = BMOtherLoginVc.m; sourceTree = "<group>"; };
		4FD5BEA31CA7063500B10EC2 /* BMNetworing.h */ = {isa = PBXFileReference; fileEncoding = 4; lastKnownFileType = sourcecode.c.h; path = BMNetworing.h; sourceTree = "<group>"; };
		4FD5BEA41CA7063500B10EC2 /* BMNetworing.m */ = {isa = PBXFileReference; fileEncoding = 4; lastKnownFileType = sourcecode.c.objc; path = BMNetworing.m; sourceTree = "<group>"; };
		4FD5BEA81CA82DD700B10EC2 /* BMPackageInfo.h */ = {isa = PBXFileReference; fileEncoding = 4; lastKnownFileType = sourcecode.c.h; path = BMPackageInfo.h; sourceTree = "<group>"; };
		4FD5BEA91CA82DD700B10EC2 /* BMPackageInfo.m */ = {isa = PBXFileReference; fileEncoding = 4; lastKnownFileType = sourcecode.c.objc; path = BMPackageInfo.m; sourceTree = "<group>"; };
		4FD5BEAE1CA8333C00B10EC2 /* BMNewVC.h */ = {isa = PBXFileReference; fileEncoding = 4; lastKnownFileType = sourcecode.c.h; path = BMNewVC.h; sourceTree = "<group>"; };
		4FD5BEAF1CA8333C00B10EC2 /* BMNewVC.m */ = {isa = PBXFileReference; fileEncoding = 4; lastKnownFileType = sourcecode.c.objc; path = BMNewVC.m; sourceTree = "<group>"; };
		4FDD08F51C8B5A5A00139EE6 /* Reveal.framework */ = {isa = PBXFileReference; lastKnownFileType = wrapper.framework; path = Reveal.framework; sourceTree = "<group>"; };
		4FDD08FB1C8C127800139EE6 /* BMLaunchViewController.h */ = {isa = PBXFileReference; fileEncoding = 4; lastKnownFileType = sourcecode.c.h; path = BMLaunchViewController.h; sourceTree = "<group>"; };
		4FDD08FC1C8C127800139EE6 /* BMLaunchViewController.m */ = {isa = PBXFileReference; fileEncoding = 4; lastKnownFileType = sourcecode.c.objc; path = BMLaunchViewController.m; sourceTree = "<group>"; };
		4FDD08FE1C8C6E5C00139EE6 /* Assets.xcassets */ = {isa = PBXFileReference; lastKnownFileType = folder.assetcatalog; path = Assets.xcassets; sourceTree = "<group>"; };
		4FE1D7401CBD2D30006D1AF8 /* BMSingleUrlContentModel.h */ = {isa = PBXFileReference; fileEncoding = 4; lastKnownFileType = sourcecode.c.h; path = BMSingleUrlContentModel.h; sourceTree = "<group>"; };
		4FE1D7411CBD2D30006D1AF8 /* BMSingleUrlContentModel.m */ = {isa = PBXFileReference; fileEncoding = 4; lastKnownFileType = sourcecode.c.objc; path = BMSingleUrlContentModel.m; sourceTree = "<group>"; };
		4FFB2B6C1C7C4D2A00395FC3 /* BMLOL.app */ = {isa = PBXFileReference; explicitFileType = wrapper.application; includeInIndex = 0; path = BMLOL.app; sourceTree = BUILT_PRODUCTS_DIR; };
		4FFB2B701C7C4D2A00395FC3 /* main.m */ = {isa = PBXFileReference; lastKnownFileType = sourcecode.c.objc; path = main.m; sourceTree = "<group>"; };
		4FFB2B721C7C4D2A00395FC3 /* AppDelegate.h */ = {isa = PBXFileReference; lastKnownFileType = sourcecode.c.h; path = AppDelegate.h; sourceTree = "<group>"; };
		4FFB2B731C7C4D2A00395FC3 /* AppDelegate.m */ = {isa = PBXFileReference; lastKnownFileType = sourcecode.c.objc; path = AppDelegate.m; sourceTree = "<group>"; };
		4FFB2B791C7C4D2A00395FC3 /* Base */ = {isa = PBXFileReference; lastKnownFileType = file.storyboard; name = Base; path = Base.lproj/Main.storyboard; sourceTree = "<group>"; };
		4FFB2B7E1C7C4D2A00395FC3 /* Base */ = {isa = PBXFileReference; lastKnownFileType = file.storyboard; name = Base; path = Base.lproj/LaunchScreen.storyboard; sourceTree = "<group>"; };
		4FFB2B801C7C4D2A00395FC3 /* Info.plist */ = {isa = PBXFileReference; lastKnownFileType = text.plist.xml; path = Info.plist; sourceTree = "<group>"; };
		4FFB2B851C7C4D2A00395FC3 /* BMLOLTests.xctest */ = {isa = PBXFileReference; explicitFileType = wrapper.cfbundle; includeInIndex = 0; path = BMLOLTests.xctest; sourceTree = BUILT_PRODUCTS_DIR; };
		4FFB2B891C7C4D2A00395FC3 /* BMLOLTests.m */ = {isa = PBXFileReference; lastKnownFileType = sourcecode.c.objc; path = BMLOLTests.m; sourceTree = "<group>"; };
		4FFB2B8B1C7C4D2A00395FC3 /* Info.plist */ = {isa = PBXFileReference; lastKnownFileType = text.plist.xml; path = Info.plist; sourceTree = "<group>"; };
		4FFB2BA91C814C8600395FC3 /* BMCustomTabBarController.h */ = {isa = PBXFileReference; fileEncoding = 4; lastKnownFileType = sourcecode.c.h; path = BMCustomTabBarController.h; sourceTree = "<group>"; };
		4FFB2BAA1C814C8600395FC3 /* BMCustomTabBarController.m */ = {isa = PBXFileReference; fileEncoding = 4; lastKnownFileType = sourcecode.c.objc; path = BMCustomTabBarController.m; sourceTree = "<group>"; };
		4FFB2BAC1C81836900395FC3 /* BMTabBarBtn.h */ = {isa = PBXFileReference; fileEncoding = 4; lastKnownFileType = sourcecode.c.h; path = BMTabBarBtn.h; sourceTree = "<group>"; };
		4FFB2BAD1C81836900395FC3 /* BMTabBarBtn.m */ = {isa = PBXFileReference; fileEncoding = 4; lastKnownFileType = sourcecode.c.objc; path = BMTabBarBtn.m; sourceTree = "<group>"; };
		74A60D3E298F244ABC341FFC /* libPods.a */ = {isa = PBXFileReference; explicitFileType = archive.ar; includeInIndex = 0; path = libPods.a; sourceTree = BUILT_PRODUCTS_DIR; };
/* End PBXFileReference section */

/* Begin PBXFrameworksBuildPhase section */
		4FFB2B691C7C4D2A00395FC3 /* Frameworks */ = {
			isa = PBXFrameworksBuildPhase;
			buildActionMask = 2147483647;
			files = (
				4F9E29841CB017D90042931F /* CoreData.framework in Frameworks */,
				3D93D37112CA05797B2C21DD /* libPods.a in Frameworks */,
				4FDD08F61C8B5A5A00139EE6 /* Reveal.framework in Frameworks */,
			);
			runOnlyForDeploymentPostprocessing = 0;
		};
		4FFB2B821C7C4D2A00395FC3 /* Frameworks */ = {
			isa = PBXFrameworksBuildPhase;
			buildActionMask = 2147483647;
			files = (
			);
			runOnlyForDeploymentPostprocessing = 0;
		};
/* End PBXFrameworksBuildPhase section */

/* Begin PBXGroup section */
		319A06FE6FC8D054320558F3 /* Frameworks */ = {
			isa = PBXGroup;
			children = (
				4F9E29831CB017D90042931F /* CoreData.framework */,
				4FDD08F51C8B5A5A00139EE6 /* Reveal.framework */,
				74A60D3E298F244ABC341FFC /* libPods.a */,
			);
			name = Frameworks;
			sourceTree = "<group>";
		};
		354F09845AFAC2B6116BD330 /* Pods */ = {
			isa = PBXGroup;
			children = (
				1747FD30D6305A6C3CF244E4 /* Pods.debug.xcconfig */,
				26B4A7D993525BD567EEDC62 /* Pods.release.xcconfig */,
			);
			name = Pods;
			sourceTree = "<group>";
		};
		4FDD08F71C8C123200139EE6 /* login */ = {
			isa = PBXGroup;
			children = (
				4FDD08F81C8C123200139EE6 /* controller */,
				4FDD08F91C8C123200139EE6 /* mode */,
				4FDD08FA1C8C123200139EE6 /* view */,
			);
			path = login;
			sourceTree = "<group>";
		};
		4FDD08F81C8C123200139EE6 /* controller */ = {
			isa = PBXGroup;
			children = (
				4FDD08FB1C8C127800139EE6 /* BMLaunchViewController.h */,
				4FDD08FC1C8C127800139EE6 /* BMLaunchViewController.m */,
				4FD056FD1C8F1C6600286B4D /* BMOtherLoginVc.h */,
				4FD056FE1C8F1C6600286B4D /* BMOtherLoginVc.m */,
			);
			path = controller;
			sourceTree = "<group>";
		};
		4FDD08F91C8C123200139EE6 /* mode */ = {
			isa = PBXGroup;
			children = (
				4FAA91EB1C9EEEC80043A2AF /* BMHeroListModel.h */,
				4FAA91EC1C9EEEC80043A2AF /* BMHeroListModel.m */,
				4FD5BEA81CA82DD700B10EC2 /* BMPackageInfo.h */,
				4FD5BEA91CA82DD700B10EC2 /* BMPackageInfo.m */,
			);
			path = mode;
			sourceTree = "<group>";
		};
		4FDD08FA1C8C123200139EE6 /* view */ = {
			isa = PBXGroup;
			children = (
				4F5BDA131C9133C300020DB3 /* BMCustomTextField.h */,
				4F5BDA141C9133C300020DB3 /* BMCustomTextField.m */,
			);
			path = view;
			sourceTree = "<group>";
		};
		4FFB2B631C7C4D2A00395FC3 = {
			isa = PBXGroup;
			children = (
				4FFB2B6E1C7C4D2A00395FC3 /* BMLOL */,
				4FFB2B881C7C4D2A00395FC3 /* BMLOLTests */,
				4FFB2B6D1C7C4D2A00395FC3 /* Products */,
				354F09845AFAC2B6116BD330 /* Pods */,
				319A06FE6FC8D054320558F3 /* Frameworks */,
			);
			sourceTree = "<group>";
		};
		4FFB2B6D1C7C4D2A00395FC3 /* Products */ = {
			isa = PBXGroup;
			children = (
				4FFB2B6C1C7C4D2A00395FC3 /* BMLOL.app */,
				4FFB2B851C7C4D2A00395FC3 /* BMLOLTests.xctest */,
			);
			name = Products;
			sourceTree = "<group>";
		};
		4FFB2B6E1C7C4D2A00395FC3 /* BMLOL */ = {
			isa = PBXGroup;
			children = (
				4FDD08F71C8C123200139EE6 /* login */,
				4FFB2BA51C814BF600395FC3 /* main */,
				4FFB2B951C814A8F00395FC3 /* 发现 */,
				4FFB2B991C814A8F00395FC3 /* 好友 */,
				4FFB2B9D1C814A8F00395FC3 /* 我 */,
				4FFB2BA11C814A8F00395FC3 /* 资讯 */,
				4FFB2B941C814A8500395FC3 /* Tool */,
				4FFB2B721C7C4D2A00395FC3 /* AppDelegate.h */,
				4FFB2B731C7C4D2A00395FC3 /* AppDelegate.m */,
				4F9E29801CB017800042931F /* Model.xcdatamodeld */,
				4FFB2B781C7C4D2A00395FC3 /* Main.storyboard */,
				4FFB2B7D1C7C4D2A00395FC3 /* LaunchScreen.storyboard */,
				4FDD08FE1C8C6E5C00139EE6 /* Assets.xcassets */,
				4FFB2B801C7C4D2A00395FC3 /* Info.plist */,
				4FFB2B6F1C7C4D2A00395FC3 /* Supporting Files */,
			);
			path = BMLOL;
			sourceTree = "<group>";
		};
		4FFB2B6F1C7C4D2A00395FC3 /* Supporting Files */ = {
			isa = PBXGroup;
			children = (
				4FFB2B701C7C4D2A00395FC3 /* main.m */,
				4FCA3F3C1CD0745300D716D0 /* newsNavigationUrlString.plist */,
			);
			name = "Supporting Files";
			sourceTree = "<group>";
		};
		4FFB2B881C7C4D2A00395FC3 /* BMLOLTests */ = {
			isa = PBXGroup;
			children = (
				4FFB2B891C7C4D2A00395FC3 /* BMLOLTests.m */,
				4FFB2B8B1C7C4D2A00395FC3 /* Info.plist */,
			);
			path = BMLOLTests;
			sourceTree = "<group>";
		};
		4FFB2B941C814A8500395FC3 /* Tool */ = {
			isa = PBXGroup;
			children = (
				4FB61C011C85219D00503942 /* myPch.pch */,
				4FD5BEA31CA7063500B10EC2 /* BMNetworing.h */,
				4FD5BEA41CA7063500B10EC2 /* BMNetworing.m */,
			);
			path = Tool;
			sourceTree = "<group>";
		};
		4FFB2B951C814A8F00395FC3 /* 发现 */ = {
			isa = PBXGroup;
			children = (
				4FFB2B961C814A8F00395FC3 /* controller */,
				4FFB2B971C814A8F00395FC3 /* mode */,
				4FFB2B981C814A8F00395FC3 /* view */,
			);
			path = "发现";
			sourceTree = "<group>";
		};
		4FFB2B961C814A8F00395FC3 /* controller */ = {
			isa = PBXGroup;
			children = (
			);
			path = controller;
			sourceTree = "<group>";
		};
		4FFB2B971C814A8F00395FC3 /* mode */ = {
			isa = PBXGroup;
			children = (
			);
			path = mode;
			sourceTree = "<group>";
		};
		4FFB2B981C814A8F00395FC3 /* view */ = {
			isa = PBXGroup;
			children = (
			);
			path = view;
			sourceTree = "<group>";
		};
		4FFB2B991C814A8F00395FC3 /* 好友 */ = {
			isa = PBXGroup;
			children = (
				4FFB2B9A1C814A8F00395FC3 /* controller */,
				4FFB2B9B1C814A8F00395FC3 /* mode */,
				4FFB2B9C1C814A8F00395FC3 /* view */,
			);
			path = "好友";
			sourceTree = "<group>";
		};
		4FFB2B9A1C814A8F00395FC3 /* controller */ = {
			isa = PBXGroup;
			children = (
			);
			path = controller;
			sourceTree = "<group>";
		};
		4FFB2B9B1C814A8F00395FC3 /* mode */ = {
			isa = PBXGroup;
			children = (
			);
			path = mode;
			sourceTree = "<group>";
		};
		4FFB2B9C1C814A8F00395FC3 /* view */ = {
			isa = PBXGroup;
			children = (
			);
			path = view;
			sourceTree = "<group>";
		};
		4FFB2B9D1C814A8F00395FC3 /* 我 */ = {
			isa = PBXGroup;
			children = (
				4FFB2B9E1C814A8F00395FC3 /* controller */,
				4FFB2B9F1C814A8F00395FC3 /* mode */,
				4FFB2BA01C814A8F00395FC3 /* view */,
			);
			path = "我";
			sourceTree = "<group>";
		};
		4FFB2B9E1C814A8F00395FC3 /* controller */ = {
			isa = PBXGroup;
			children = (
			);
			path = controller;
			sourceTree = "<group>";
		};
		4FFB2B9F1C814A8F00395FC3 /* mode */ = {
			isa = PBXGroup;
			children = (
			);
			path = mode;
			sourceTree = "<group>";
		};
		4FFB2BA01C814A8F00395FC3 /* view */ = {
			isa = PBXGroup;
			children = (
			);
			path = view;
			sourceTree = "<group>";
		};
		4FFB2BA11C814A8F00395FC3 /* 资讯 */ = {
			isa = PBXGroup;
			children = (
				4FFB2BA21C814A8F00395FC3 /* controller */,
				4FFB2BA31C814A8F00395FC3 /* mode */,
				4FFB2BA41C814A8F00395FC3 /* view */,
			);
			path = "资讯";
			sourceTree = "<group>";
		};
		4FFB2BA21C814A8F00395FC3 /* controller */ = {
			isa = PBXGroup;
			children = (
				4FD5BEAE1CA8333C00B10EC2 /* BMNewVC.h */,
				4FD5BEAF1CA8333C00B10EC2 /* BMNewVC.m */,
				4F29E8A21CD3D80C00BB0128 /* BMWebVC.h */,
				4F29E8A31CD3D80C00BB0128 /* BMWebVC.m */,
			);
			path = controller;
			sourceTree = "<group>";
		};
		4FFB2BA31C814A8F00395FC3 /* mode */ = {
			isa = PBXGroup;
			children = (
				4F6920C61CB697E40093079A /* NewsTop+CoreDataProperties.h */,
				4F6920C71CB697E40093079A /* NewsTop+CoreDataProperties.m */,
				4F6920C81CB697E40093079A /* NewsTop.h */,
				4F6920C91CB697E40093079A /* NewsTop.m */,
				4F6920D21CBA53EC0093079A /* BMNewsContentCellModel.h */,
				4F6920D31CBA53EC0093079A /* BMNewsContentCellModel.m */,
				4FE1D7401CBD2D30006D1AF8 /* BMSingleUrlContentModel.h */,
				4FE1D7411CBD2D30006D1AF8 /* BMSingleUrlContentModel.m */,
			);
			path = mode;
			sourceTree = "<group>";
		};
		4FFB2BA41C814A8F00395FC3 /* view */ = {
			isa = PBXGroup;
			children = (
				4FC442A01CCBA38E002087B0 /* BMScollView.h */,
				4FC442A11CCBA38E002087B0 /* BMScollView.m */,
				4F3625661CACDF8300D91681 /* BMTopScrollButton.h */,
				4F3625671CACDF8300D91681 /* BMTopScrollButton.m */,
				4F6920CC1CBA51CE0093079A /* BMContentTableView.h */,
				4F6920CD1CBA51CE0093079A /* BMContentTableView.m */,
				4F6920CF1CBA536B0093079A /* BMNesContentTableViewCell.h */,
				4F6920D01CBA536B0093079A /* BMNesContentTableViewCell.m */,
				4FC442A31CCBA442002087B0 /* BMNewsLasetNewTbView.h */,
				4FC442A41CCBA442002087B0 /* BMNewsLasetNewTbView.m */,
				4F29E89C1CD346A700BB0128 /* BMVideoBarBtnWebView.h */,
				4F29E89D1CD346A700BB0128 /* BMVideoBarBtnWebView.m */,
				4F29E89F1CD34D9400BB0128 /* BMvideoBarBtnView.h */,
				4F29E8A01CD34D9400BB0128 /* BMvideoBarBtnView.m */,
			);
			path = view;
			sourceTree = "<group>";
		};
		4FFB2BA51C814BF600395FC3 /* main */ = {
			isa = PBXGroup;
			children = (
				4FFB2BA91C814C8600395FC3 /* BMCustomTabBarController.h */,
				4FFB2BAA1C814C8600395FC3 /* BMCustomTabBarController.m */,
				4FFB2BAC1C81836900395FC3 /* BMTabBarBtn.h */,
				4FFB2BAD1C81836900395FC3 /* BMTabBarBtn.m */,
			);
			path = main;
			sourceTree = "<group>";
		};
/* End PBXGroup section */

/* Begin PBXNativeTarget section */
		4FFB2B6B1C7C4D2A00395FC3 /* BMLOL */ = {
			isa = PBXNativeTarget;
			buildConfigurationList = 4FFB2B8E1C7C4D2A00395FC3 /* Build configuration list for PBXNativeTarget "BMLOL" */;
			buildPhases = (
				E461C42523BA1796FD9E3E45 /* Check Pods Manifest.lock */,
				4FFB2B681C7C4D2A00395FC3 /* Sources */,
				4FFB2B691C7C4D2A00395FC3 /* Frameworks */,
				4FFB2B6A1C7C4D2A00395FC3 /* Resources */,
				742ED86F32178925204EF7ED /* Embed Pods Frameworks */,
				6B979135F4DFABB1CE11A025 /* Copy Pods Resources */,
			);
			buildRules = (
			);
			dependencies = (
			);
			name = BMLOL;
			productName = BMLOL;
			productReference = 4FFB2B6C1C7C4D2A00395FC3 /* BMLOL.app */;
			productType = "com.apple.product-type.application";
		};
		4FFB2B841C7C4D2A00395FC3 /* BMLOLTests */ = {
			isa = PBXNativeTarget;
			buildConfigurationList = 4FFB2B911C7C4D2A00395FC3 /* Build configuration list for PBXNativeTarget "BMLOLTests" */;
			buildPhases = (
				4FFB2B811C7C4D2A00395FC3 /* Sources */,
				4FFB2B821C7C4D2A00395FC3 /* Frameworks */,
				4FFB2B831C7C4D2A00395FC3 /* Resources */,
			);
			buildRules = (
			);
			dependencies = (
				4FFB2B871C7C4D2A00395FC3 /* PBXTargetDependency */,
			);
			name = BMLOLTests;
			productName = BMLOLTests;
			productReference = 4FFB2B851C7C4D2A00395FC3 /* BMLOLTests.xctest */;
			productType = "com.apple.product-type.bundle.unit-test";
		};
/* End PBXNativeTarget section */

/* Begin PBXProject section */
		4FFB2B641C7C4D2A00395FC3 /* Project object */ = {
			isa = PBXProject;
			attributes = {
				LastUpgradeCheck = 0720;
				ORGANIZATIONNAME = donglei;
				TargetAttributes = {
					4FFB2B6B1C7C4D2A00395FC3 = {
						CreatedOnToolsVersion = 7.2;
						DevelopmentTeam = 3AYV4FBW9U;
					};
					4FFB2B841C7C4D2A00395FC3 = {
						CreatedOnToolsVersion = 7.2;
						TestTargetID = 4FFB2B6B1C7C4D2A00395FC3;
					};
				};
			};
			buildConfigurationList = 4FFB2B671C7C4D2A00395FC3 /* Build configuration list for PBXProject "BMLOL" */;
			compatibilityVersion = "Xcode 3.2";
			developmentRegion = English;
			hasScannedForEncodings = 0;
			knownRegions = (
				en,
				Base,
			);
			mainGroup = 4FFB2B631C7C4D2A00395FC3;
			productRefGroup = 4FFB2B6D1C7C4D2A00395FC3 /* Products */;
			projectDirPath = "";
			projectRoot = "";
			targets = (
				4FFB2B6B1C7C4D2A00395FC3 /* BMLOL */,
				4FFB2B841C7C4D2A00395FC3 /* BMLOLTests */,
			);
		};
/* End PBXProject section */

/* Begin PBXResourcesBuildPhase section */
		4FFB2B6A1C7C4D2A00395FC3 /* Resources */ = {
			isa = PBXResourcesBuildPhase;
			buildActionMask = 2147483647;
			files = (
				4FFB2B7F1C7C4D2A00395FC3 /* LaunchScreen.storyboard in Resources */,
				4FDD08FF1C8C6E5C00139EE6 /* Assets.xcassets in Resources */,
				4FCA3F3D1CD0745300D716D0 /* newsNavigationUrlString.plist in Resources */,
				4FFB2B7A1C7C4D2A00395FC3 /* Main.storyboard in Resources */,
			);
			runOnlyForDeploymentPostprocessing = 0;
		};
		4FFB2B831C7C4D2A00395FC3 /* Resources */ = {
			isa = PBXResourcesBuildPhase;
			buildActionMask = 2147483647;
			files = (
			);
			runOnlyForDeploymentPostprocessing = 0;
		};
/* End PBXResourcesBuildPhase section */

/* Begin PBXShellScriptBuildPhase section */
		6B979135F4DFABB1CE11A025 /* Copy Pods Resources */ = {
			isa = PBXShellScriptBuildPhase;
			buildActionMask = 2147483647;
			files = (
			);
			inputPaths = (
			);
			name = "Copy Pods Resources";
			outputPaths = (
			);
			runOnlyForDeploymentPostprocessing = 0;
			shellPath = /bin/sh;
			shellScript = "\"${SRCROOT}/Pods/Target Support Files/Pods/Pods-resources.sh\"\n";
			showEnvVarsInLog = 0;
		};
		742ED86F32178925204EF7ED /* Embed Pods Frameworks */ = {
			isa = PBXShellScriptBuildPhase;
			buildActionMask = 2147483647;
			files = (
			);
			inputPaths = (
			);
			name = "Embed Pods Frameworks";
			outputPaths = (
			);
			runOnlyForDeploymentPostprocessing = 0;
			shellPath = /bin/sh;
			shellScript = "\"${SRCROOT}/Pods/Target Support Files/Pods/Pods-frameworks.sh\"\n";
			showEnvVarsInLog = 0;
		};
		E461C42523BA1796FD9E3E45 /* Check Pods Manifest.lock */ = {
			isa = PBXShellScriptBuildPhase;
			buildActionMask = 2147483647;
			files = (
			);
			inputPaths = (
			);
			name = "Check Pods Manifest.lock";
			outputPaths = (
			);
			runOnlyForDeploymentPostprocessing = 0;
			shellPath = /bin/sh;
			shellScript = "diff \"${PODS_ROOT}/../Podfile.lock\" \"${PODS_ROOT}/Manifest.lock\" > /dev/null\nif [[ $? != 0 ]] ; then\n    cat << EOM\nerror: The sandbox is not in sync with the Podfile.lock. Run 'pod install' or update your CocoaPods installation.\nEOM\n    exit 1\nfi\n";
			showEnvVarsInLog = 0;
		};
/* End PBXShellScriptBuildPhase section */

/* Begin PBXSourcesBuildPhase section */
		4FFB2B681C7C4D2A00395FC3 /* Sources */ = {
			isa = PBXSourcesBuildPhase;
			buildActionMask = 2147483647;
			files = (
				4FFB2B741C7C4D2A00395FC3 /* AppDelegate.m in Sources */,
				4FFB2B711C7C4D2A00395FC3 /* main.m in Sources */,
				4F6920CA1CB697E40093079A /* NewsTop+CoreDataProperties.m in Sources */,
				4F29E89E1CD346A700BB0128 /* BMVideoBarBtnWebView.m in Sources */,
				4F6920CB1CB697E40093079A /* NewsTop.m in Sources */,
				4FE1D7421CBD2D30006D1AF8 /* BMSingleUrlContentModel.m in Sources */,
				4F29E8A11CD34D9400BB0128 /* BMvideoBarBtnView.m in Sources */,
				4F9E29821CB017800042931F /* Model.xcdatamodeld in Sources */,
				4FD056FF1C8F1C6600286B4D /* BMOtherLoginVc.m in Sources */,
				4FC442A21CCBA38E002087B0 /* BMScollView.m in Sources */,
				4F29E8A41CD3D80C00BB0128 /* BMWebVC.m in Sources */,
				4FD5BEA51CA7063500B10EC2 /* BMNetworing.m in Sources */,
				4FFB2BAE1C81836900395FC3 /* BMTabBarBtn.m in Sources */,
				4FD5BEAA1CA82DD700B10EC2 /* BMPackageInfo.m in Sources */,
				4F6920D11CBA536B0093079A /* BMNesContentTableViewCell.m in Sources */,
				4FFB2BAB1C814C8600395FC3 /* BMCustomTabBarController.m in Sources */,
				4F5BDA151C9133C300020DB3 /* BMCustomTextField.m in Sources */,
				4F3625681CACDF8300D91681 /* BMTopScrollButton.m in Sources */,
				4FC442A51CCBA442002087B0 /* BMNewsLasetNewTbView.m in Sources */,
				4F6920CE1CBA51CE0093079A /* BMContentTableView.m in Sources */,
				4FAA91ED1C9EEEC80043A2AF /* BMHeroListModel.m in Sources */,
				4F6920D41CBA53EC0093079A /* BMNewsContentCellModel.m in Sources */,
				4FD5BEB01CA8333C00B10EC2 /* BMNewVC.m in Sources */,
				4FDD08FD1C8C127800139EE6 /* BMLaunchViewController.m in Sources */,
			);
			runOnlyForDeploymentPostprocessing = 0;
		};
		4FFB2B811C7C4D2A00395FC3 /* Sources */ = {
			isa = PBXSourcesBuildPhase;
			buildActionMask = 2147483647;
			files = (
				4FFB2B8A1C7C4D2A00395FC3 /* BMLOLTests.m in Sources */,
			);
			runOnlyForDeploymentPostprocessing = 0;
		};
/* End PBXSourcesBuildPhase section */

/* Begin PBXTargetDependency section */
		4FFB2B871C7C4D2A00395FC3 /* PBXTargetDependency */ = {
			isa = PBXTargetDependency;
			target = 4FFB2B6B1C7C4D2A00395FC3 /* BMLOL */;
			targetProxy = 4FFB2B861C7C4D2A00395FC3 /* PBXContainerItemProxy */;
		};
/* End PBXTargetDependency section */

/* Begin PBXVariantGroup section */
		4FFB2B781C7C4D2A00395FC3 /* Main.storyboard */ = {
			isa = PBXVariantGroup;
			children = (
				4FFB2B791C7C4D2A00395FC3 /* Base */,
			);
			name = Main.storyboard;
			sourceTree = "<group>";
		};
		4FFB2B7D1C7C4D2A00395FC3 /* LaunchScreen.storyboard */ = {
			isa = PBXVariantGroup;
			children = (
				4FFB2B7E1C7C4D2A00395FC3 /* Base */,
			);
			name = LaunchScreen.storyboard;
			sourceTree = "<group>";
		};
/* End PBXVariantGroup section */

/* Begin XCBuildConfiguration section */
		4FFB2B8C1C7C4D2A00395FC3 /* Debug */ = {
			isa = XCBuildConfiguration;
			buildSettings = {
				ALWAYS_SEARCH_USER_PATHS = NO;
				CLANG_CXX_LANGUAGE_STANDARD = "gnu++0x";
				CLANG_CXX_LIBRARY = "libc++";
				CLANG_ENABLE_MODULES = YES;
				CLANG_ENABLE_OBJC_ARC = YES;
				CLANG_WARN_BOOL_CONVERSION = YES;
				CLANG_WARN_CONSTANT_CONVERSION = YES;
				CLANG_WARN_DIRECT_OBJC_ISA_USAGE = YES_ERROR;
				CLANG_WARN_EMPTY_BODY = YES;
				CLANG_WARN_ENUM_CONVERSION = YES;
				CLANG_WARN_INT_CONVERSION = YES;
				CLANG_WARN_OBJC_ROOT_CLASS = YES_ERROR;
				CLANG_WARN_UNREACHABLE_CODE = YES;
				CLANG_WARN__DUPLICATE_METHOD_MATCH = YES;
				"CODE_SIGN_IDENTITY[sdk=iphoneos*]" = "iPhone Developer";
				COPY_PHASE_STRIP = NO;
				DEBUG_INFORMATION_FORMAT = dwarf;
				ENABLE_STRICT_OBJC_MSGSEND = YES;
				ENABLE_TESTABILITY = YES;
				GCC_C_LANGUAGE_STANDARD = gnu99;
				GCC_DYNAMIC_NO_PIC = NO;
				GCC_NO_COMMON_BLOCKS = YES;
				GCC_OPTIMIZATION_LEVEL = 0;
				GCC_PREPROCESSOR_DEFINITIONS = (
					"DEBUG=1",
					"$(inherited)",
				);
				GCC_WARN_64_TO_32_BIT_CONVERSION = YES;
				GCC_WARN_ABOUT_RETURN_TYPE = YES_ERROR;
				GCC_WARN_UNDECLARED_SELECTOR = YES;
				GCC_WARN_UNINITIALIZED_AUTOS = YES_AGGRESSIVE;
				GCC_WARN_UNUSED_FUNCTION = YES;
				GCC_WARN_UNUSED_VARIABLE = YES;
				IPHONEOS_DEPLOYMENT_TARGET = 8.0;
				MTL_ENABLE_DEBUG_INFO = YES;
				ONLY_ACTIVE_ARCH = YES;
				OTHER_LDFLAGS = (
					"-ObjC",
					"-lz",
					"-framework",
					"Reveal\n\n-ObjC",
					"-lz",
					"-framework",
					"Reveal\n\n-ObjC",
					"-lz",
					"-framework",
					Reveal,
				);
				SDKROOT = iphoneos;
			};
			name = Debug;
		};
		4FFB2B8D1C7C4D2A00395FC3 /* Release */ = {
			isa = XCBuildConfiguration;
			buildSettings = {
				ALWAYS_SEARCH_USER_PATHS = NO;
				CLANG_CXX_LANGUAGE_STANDARD = "gnu++0x";
				CLANG_CXX_LIBRARY = "libc++";
				CLANG_ENABLE_MODULES = YES;
				CLANG_ENABLE_OBJC_ARC = YES;
				CLANG_WARN_BOOL_CONVERSION = YES;
				CLANG_WARN_CONSTANT_CONVERSION = YES;
				CLANG_WARN_DIRECT_OBJC_ISA_USAGE = YES_ERROR;
				CLANG_WARN_EMPTY_BODY = YES;
				CLANG_WARN_ENUM_CONVERSION = YES;
				CLANG_WARN_INT_CONVERSION = YES;
				CLANG_WARN_OBJC_ROOT_CLASS = YES_ERROR;
				CLANG_WARN_UNREACHABLE_CODE = YES;
				CLANG_WARN__DUPLICATE_METHOD_MATCH = YES;
				"CODE_SIGN_IDENTITY[sdk=iphoneos*]" = "iPhone Developer";
				COPY_PHASE_STRIP = NO;
				DEBUG_INFORMATION_FORMAT = "dwarf-with-dsym";
				ENABLE_NS_ASSERTIONS = NO;
				ENABLE_STRICT_OBJC_MSGSEND = YES;
				GCC_C_LANGUAGE_STANDARD = gnu99;
				GCC_NO_COMMON_BLOCKS = YES;
				GCC_WARN_64_TO_32_BIT_CONVERSION = YES;
				GCC_WARN_ABOUT_RETURN_TYPE = YES_ERROR;
				GCC_WARN_UNDECLARED_SELECTOR = YES;
				GCC_WARN_UNINITIALIZED_AUTOS = YES_AGGRESSIVE;
				GCC_WARN_UNUSED_FUNCTION = YES;
				GCC_WARN_UNUSED_VARIABLE = YES;
				IPHONEOS_DEPLOYMENT_TARGET = 8.0;
				MTL_ENABLE_DEBUG_INFO = NO;
				OTHER_LDFLAGS = (
					"-ObjC",
					"-lz",
					"-framework",
					"Reveal\n\n-ObjC",
					"-lz",
					"-framework",
					"Reveal\n\n-ObjC",
					"-lz",
					"-framework",
					Reveal,
				);
				SDKROOT = iphoneos;
				VALIDATE_PRODUCT = YES;
			};
			name = Release;
		};
		4FFB2B8F1C7C4D2A00395FC3 /* Debug */ = {
			isa = XCBuildConfiguration;
			baseConfigurationReference = 1747FD30D6305A6C3CF244E4 /* Pods.debug.xcconfig */;
			buildSettings = {
				ASSETCATALOG_COMPILER_APPICON_NAME = AppIcon;
				CODE_SIGN_IDENTITY = "iPhone Developer";
				FRAMEWORK_SEARCH_PATHS = (
					"$(inherited)",
					"$(PROJECT_DIR)",
				);
				GCC_PREFIX_HEADER = /Users/donglei/Documents/Ios/BMLOL4.4.0/BMLOL/Tool/myPch.pch;
				INFOPLIST_FILE = BMLOL/Info.plist;
				LD_RUNPATH_SEARCH_PATHS = "$(inherited) @executable_path/Frameworks";
				PRODUCT_BUNDLE_IDENTIFIER = cn.bamboomoon.BMLOL;
				PRODUCT_NAME = "$(TARGET_NAME)";
			};
			name = Debug;
		};
		4FFB2B901C7C4D2A00395FC3 /* Release */ = {
			isa = XCBuildConfiguration;
			baseConfigurationReference = 26B4A7D993525BD567EEDC62 /* Pods.release.xcconfig */;
			buildSettings = {
				ASSETCATALOG_COMPILER_APPICON_NAME = AppIcon;
				CODE_SIGN_IDENTITY = "iPhone Developer";
				FRAMEWORK_SEARCH_PATHS = (
					"$(inherited)",
					"$(PROJECT_DIR)",
				);
				GCC_PREFIX_HEADER = /Users/donglei/Documents/Ios/BMLOL4.4.0/BMLOL/Tool/myPch.pch;
				INFOPLIST_FILE = BMLOL/Info.plist;
				LD_RUNPATH_SEARCH_PATHS = "$(inherited) @executable_path/Frameworks";
				PRODUCT_BUNDLE_IDENTIFIER = cn.bamboomoon.BMLOL;
				PRODUCT_NAME = "$(TARGET_NAME)";
			};
			name = Release;
		};
		4FFB2B921C7C4D2A00395FC3 /* Debug */ = {
			isa = XCBuildConfiguration;
			buildSettings = {
				BUNDLE_LOADER = "$(TEST_HOST)";
				INFOPLIST_FILE = BMLOLTests/Info.plist;
				LD_RUNPATH_SEARCH_PATHS = "$(inherited) @executable_path/Frameworks @loader_path/Frameworks";
				PRODUCT_BUNDLE_IDENTIFIER = cn.bamboomoon.BMLOLTests;
				PRODUCT_NAME = "$(TARGET_NAME)";
				TEST_HOST = "$(BUILT_PRODUCTS_DIR)/BMLOL.app/BMLOL";
			};
			name = Debug;
		};
		4FFB2B931C7C4D2A00395FC3 /* Release */ = {
			isa = XCBuildConfiguration;
			buildSettings = {
				BUNDLE_LOADER = "$(TEST_HOST)";
				INFOPLIST_FILE = BMLOLTests/Info.plist;
				LD_RUNPATH_SEARCH_PATHS = "$(inherited) @executable_path/Frameworks @loader_path/Frameworks";
				PRODUCT_BUNDLE_IDENTIFIER = cn.bamboomoon.BMLOLTests;
				PRODUCT_NAME = "$(TARGET_NAME)";
				TEST_HOST = "$(BUILT_PRODUCTS_DIR)/BMLOL.app/BMLOL";
			};
			name = Release;
		};
/* End XCBuildConfiguration section */

/* Begin XCConfigurationList section */
		4FFB2B671C7C4D2A00395FC3 /* Build configuration list for PBXProject "BMLOL" */ = {
			isa = XCConfigurationList;
			buildConfigurations = (
				4FFB2B8C1C7C4D2A00395FC3 /* Debug */,
				4FFB2B8D1C7C4D2A00395FC3 /* Release */,
			);
			defaultConfigurationIsVisible = 0;
			defaultConfigurationName = Release;
		};
		4FFB2B8E1C7C4D2A00395FC3 /* Build configuration list for PBXNativeTarget "BMLOL" */ = {
			isa = XCConfigurationList;
			buildConfigurations = (
				4FFB2B8F1C7C4D2A00395FC3 /* Debug */,
				4FFB2B901C7C4D2A00395FC3 /* Release */,
			);
			defaultConfigurationIsVisible = 0;
			defaultConfigurationName = Release;
		};
		4FFB2B911C7C4D2A00395FC3 /* Build configuration list for PBXNativeTarget "BMLOLTests" */ = {
			isa = XCConfigurationList;
			buildConfigurations = (
				4FFB2B921C7C4D2A00395FC3 /* Debug */,
				4FFB2B931C7C4D2A00395FC3 /* Release */,
			);
			defaultConfigurationIsVisible = 0;
			defaultConfigurationName = Release;
		};
/* End XCConfigurationList section */

/* Begin XCVersionGroup section */
		4F9E29801CB017800042931F /* Model.xcdatamodeld */ = {
			isa = XCVersionGroup;
			children = (
				4F9E29811CB017800042931F /* Model.xcdatamodel */,
			);
			currentVersion = 4F9E29811CB017800042931F /* Model.xcdatamodel */;
			path = Model.xcdatamodeld;
			sourceTree = "<group>";
			versionGroupType = wrapper.xcdatamodel;
		};
/* End XCVersionGroup section */
	};
	rootObject = 4FFB2B641C7C4D2A00395FC3 /* Project object */;
}
